// !$*UTF8*$!
{
	archiveVersion = 1;
	classes = {
	};
	objectVersion = 77;
	objects = {

/* Begin PBXBuildFile section */
		772294CF2E2D0E120037EEB2 /* ci.yml in Resources */ = {isa = PBXBuildFile; fileRef = 772294C02E2D0E120037EEB2 /* ci.yml */; };
		772294E62E2D0E120037EEB2 /* copilot-instructions.md in Resources */ = {isa = PBXBuildFile; fileRef = 772294C22E2D0E120037EEB2 /* copilot-instructions.md */; };
		775C4CE12E2D01EA00D5507A /* README.md in Resources */ = {isa = PBXBuildFile; fileRef = 775C4CE02E2D01EA00D5507A /* README.md */; };
		775C4CE32E2D02A500D5507A /* .gitignore in Resources */ = {isa = PBXBuildFile; fileRef = 775C4CE22E2D02A500D5507A /* .gitignore */; };
		7787495B2E2BC70200A8F70C /* BatteryTracker Watch App.app in Embed Watch Content */ = {isa = PBXBuildFile; fileRef = 7787495A2E2BC70200A8F70C /* BatteryTracker Watch App.app */; settings = {ATTRIBUTES = (RemoveHeadersOnCopy, ); }; };
/* End PBXBuildFile section */

/* Begin PBXContainerItemProxy section */
		7787495C2E2BC70200A8F70C /* PBXContainerItemProxy */ = {
			isa = PBXContainerItemProxy;
			containerPortal = 7787494E2E2BC70200A8F70C /* Project object */;
			proxyType = 1;
			remoteGlobalIDString = 778749592E2BC70200A8F70C;
			remoteInfo = "BatteryTracker Watch App";
		};
		7787496A2E2BC70400A8F70C /* PBXContainerItemProxy */ = {
			isa = PBXContainerItemProxy;
			containerPortal = 7787494E2E2BC70200A8F70C /* Project object */;
			proxyType = 1;
			remoteGlobalIDString = 778749592E2BC70200A8F70C;
			remoteInfo = "BatteryTracker Watch App";
		};
		778749742E2BC70400A8F70C /* PBXContainerItemProxy */ = {
			isa = PBXContainerItemProxy;
			containerPortal = 7787494E2E2BC70200A8F70C /* Project object */;
			proxyType = 1;
			remoteGlobalIDString = 778749592E2BC70200A8F70C;
			remoteInfo = "BatteryTracker Watch App";
		};
/* End PBXContainerItemProxy section */

/* Begin PBXCopyFilesBuildPhase section */
		778749802E2BC70400A8F70C /* Embed Watch Content */ = {
			isa = PBXCopyFilesBuildPhase;
			buildActionMask = 2147483647;
			dstPath = "$(CONTENTS_FOLDER_PATH)/Watch";
			dstSubfolderSpec = 16;
			files = (
				7787495B2E2BC70200A8F70C /* BatteryTracker Watch App.app in Embed Watch Content */,
			);
			name = "Embed Watch Content";
			runOnlyForDeploymentPostprocessing = 0;
		};
/* End PBXCopyFilesBuildPhase section */

/* Begin PBXFileReference section */
		772294C02E2D0E120037EEB2 /* ci.yml */ = {isa = PBXFileReference; lastKnownFileType = text.yaml; path = ci.yml; sourceTree = "<group>"; };
		772294C22E2D0E120037EEB2 /* copilot-instructions.md */ = {isa = PBXFileReference; lastKnownFileType = net.daringfireball.markdown; path = "copilot-instructions.md"; sourceTree = "<group>"; };
		775C4CE02E2D01EA00D5507A /* README.md */ = {isa = PBXFileReference; lastKnownFileType = net.daringfireball.markdown; path = README.md; sourceTree = "<group>"; };
		775C4CE22E2D02A500D5507A /* .gitignore */ = {isa = PBXFileReference; lastKnownFileType = text; path = .gitignore; sourceTree = "<group>"; };
		778749542E2BC70200A8F70C /* BatteryTracker.app */ = {isa = PBXFileReference; explicitFileType = wrapper.application; includeInIndex = 0; path = BatteryTracker.app; sourceTree = BUILT_PRODUCTS_DIR; };
		7787495A2E2BC70200A8F70C /* BatteryTracker Watch App.app */ = {isa = PBXFileReference; explicitFileType = wrapper.application; includeInIndex = 0; path = "BatteryTracker Watch App.app"; sourceTree = BUILT_PRODUCTS_DIR; };
		778749692E2BC70400A8F70C /* BatteryTracker Watch AppTests.xctest */ = {isa = PBXFileReference; explicitFileType = wrapper.cfbundle; includeInIndex = 0; path = "BatteryTracker Watch AppTests.xctest"; sourceTree = BUILT_PRODUCTS_DIR; };
		778749732E2BC70400A8F70C /* BatteryTracker Watch AppUITests.xctest */ = {isa = PBXFileReference; explicitFileType = wrapper.cfbundle; includeInIndex = 0; path = "BatteryTracker Watch AppUITests.xctest"; sourceTree = BUILT_PRODUCTS_DIR; };
/* End PBXFileReference section */

/* Begin PBXFileSystemSynchronizedRootGroup section */
		7787495E2E2BC70200A8F70C /* BatteryTracker Watch App */ = {
			isa = PBXFileSystemSynchronizedRootGroup;
			path = "BatteryTracker Watch App";
			sourceTree = "<group>";
		};
		7787496C2E2BC70400A8F70C /* BatteryTracker Watch AppTests */ = {
			isa = PBXFileSystemSynchronizedRootGroup;
			path = "BatteryTracker Watch AppTests";
			sourceTree = "<group>";
		};
		778749762E2BC70400A8F70C /* BatteryTracker Watch AppUITests */ = {
			isa = PBXFileSystemSynchronizedRootGroup;
			path = "BatteryTracker Watch AppUITests";
			sourceTree = "<group>";
		};
/* End PBXFileSystemSynchronizedRootGroup section */

/* Begin PBXFrameworksBuildPhase section */
		778749572E2BC70200A8F70C /* Frameworks */ = {
			isa = PBXFrameworksBuildPhase;
			buildActionMask = 2147483647;
			files = (
			);
			runOnlyForDeploymentPostprocessing = 0;
		};
		778749662E2BC70400A8F70C /* Frameworks */ = {
			isa = PBXFrameworksBuildPhase;
			buildActionMask = 2147483647;
			files = (
			);
			runOnlyForDeploymentPostprocessing = 0;
		};
		778749702E2BC70400A8F70C /* Frameworks */ = {
			isa = PBXFrameworksBuildPhase;
			buildActionMask = 2147483647;
			files = (
			);
			runOnlyForDeploymentPostprocessing = 0;
		};
/* End PBXFrameworksBuildPhase section */

/* Begin PBXGroup section */
		772294C12E2D0E120037EEB2 /* workflows */ = {
			isa = PBXGroup;
			children = (
				772294C02E2D0E120037EEB2 /* ci.yml */,
			);
			path = workflows;
			sourceTree = "<group>";
		};
		772294C32E2D0E120037EEB2 /* .github */ = {
			isa = PBXGroup;
			children = (
				772294C12E2D0E120037EEB2 /* workflows */,
				772294C22E2D0E120037EEB2 /* copilot-instructions.md */,
			);
			path = .github;
			sourceTree = "<group>";
		};
		7787494D2E2BC70200A8F70C = {
			isa = PBXGroup;
			children = (
				772294C32E2D0E120037EEB2 /* .github */,
				775C4CE22E2D02A500D5507A /* .gitignore */,
				775C4CE02E2D01EA00D5507A /* README.md */,
				7787495E2E2BC70200A8F70C /* BatteryTracker Watch App */,
				7787496C2E2BC70400A8F70C /* BatteryTracker Watch AppTests */,
				778749762E2BC70400A8F70C /* BatteryTracker Watch AppUITests */,
				778749552E2BC70200A8F70C /* Products */,
			);
			sourceTree = "<group>";
		};
		778749552E2BC70200A8F70C /* Products */ = {
			isa = PBXGroup;
			children = (
				778749542E2BC70200A8F70C /* BatteryTracker.app */,
				7787495A2E2BC70200A8F70C /* BatteryTracker Watch App.app */,
				778749692E2BC70400A8F70C /* BatteryTracker Watch AppTests.xctest */,
				778749732E2BC70400A8F70C /* BatteryTracker Watch AppUITests.xctest */,
			);
			name = Products;
			sourceTree = "<group>";
		};
/* End PBXGroup section */

/* Begin PBXNativeTarget section */
		778749532E2BC70200A8F70C /* BatteryTracker */ = {
			isa = PBXNativeTarget;
			buildConfigurationList = 778749812E2BC70400A8F70C /* Build configuration list for PBXNativeTarget "BatteryTracker" */;
			buildPhases = (
				778749522E2BC70200A8F70C /* Resources */,
				778749802E2BC70400A8F70C /* Embed Watch Content */,
			);
			buildRules = (
			);
			dependencies = (
				7787495D2E2BC70200A8F70C /* PBXTargetDependency */,
			);
			name = BatteryTracker;
			packageProductDependencies = (
			);
			productName = BatteryTracker;
			productReference = 778749542E2BC70200A8F70C /* BatteryTracker.app */;
			productType = "com.apple.product-type.application.watchapp2-container";
		};
		778749592E2BC70200A8F70C /* BatteryTracker Watch App */ = {
			isa = PBXNativeTarget;
			buildConfigurationList = 7787497D2E2BC70400A8F70C /* Build configuration list for PBXNativeTarget "BatteryTracker Watch App" */;
			buildPhases = (
				778749562E2BC70200A8F70C /* Sources */,
				778749572E2BC70200A8F70C /* Frameworks */,
				778749582E2BC70200A8F70C /* Resources */,
			);
			buildRules = (
			);
			dependencies = (
			);
			fileSystemSynchronizedGroups = (
				7787495E2E2BC70200A8F70C /* BatteryTracker Watch App */,
			);
			name = "BatteryTracker Watch App";
			packageProductDependencies = (
			);
			productName = "BatteryTracker Watch App";
			productReference = 7787495A2E2BC70200A8F70C /* BatteryTracker Watch App.app */;
			productType = "com.apple.product-type.application";
		};
		778749682E2BC70400A8F70C /* BatteryTracker Watch AppTests */ = {
			isa = PBXNativeTarget;
			buildConfigurationList = 778749842E2BC70400A8F70C /* Build configuration list for PBXNativeTarget "BatteryTracker Watch AppTests" */;
			buildPhases = (
				778749652E2BC70400A8F70C /* Sources */,
				778749662E2BC70400A8F70C /* Frameworks */,
				778749672E2BC70400A8F70C /* Resources */,
			);
			buildRules = (
			);
			dependencies = (
				7787496B2E2BC70400A8F70C /* PBXTargetDependency */,
			);
			fileSystemSynchronizedGroups = (
				7787496C2E2BC70400A8F70C /* BatteryTracker Watch AppTests */,
			);
			name = "BatteryTracker Watch AppTests";
			packageProductDependencies = (
			);
			productName = "BatteryTracker Watch AppTests";
			productReference = 778749692E2BC70400A8F70C /* BatteryTracker Watch AppTests.xctest */;
			productType = "com.apple.product-type.bundle.unit-test";
		};
		778749722E2BC70400A8F70C /* BatteryTracker Watch AppUITests */ = {
			isa = PBXNativeTarget;
			buildConfigurationList = 778749872E2BC70400A8F70C /* Build configuration list for PBXNativeTarget "BatteryTracker Watch AppUITests" */;
			buildPhases = (
				7787496F2E2BC70400A8F70C /* Sources */,
				778749702E2BC70400A8F70C /* Frameworks */,
				778749712E2BC70400A8F70C /* Resources */,
			);
			buildRules = (
			);
			dependencies = (
				778749752E2BC70400A8F70C /* PBXTargetDependency */,
			);
			fileSystemSynchronizedGroups = (
				778749762E2BC70400A8F70C /* BatteryTracker Watch AppUITests */,
			);
			name = "BatteryTracker Watch AppUITests";
			packageProductDependencies = (
			);
			productName = "BatteryTracker Watch AppUITests";
			productReference = 778749732E2BC70400A8F70C /* BatteryTracker Watch AppUITests.xctest */;
			productType = "com.apple.product-type.bundle.ui-testing";
		};
/* End PBXNativeTarget section */

/* Begin PBXProject section */
		7787494E2E2BC70200A8F70C /* Project object */ = {
			isa = PBXProject;
			attributes = {
				BuildIndependentTargetsInParallel = 1;
				LastSwiftUpdateCheck = 1640;
				LastUpgradeCheck = 1640;
				TargetAttributes = {
					778749532E2BC70200A8F70C = {
						CreatedOnToolsVersion = 16.4;
					};
					778749592E2BC70200A8F70C = {
						CreatedOnToolsVersion = 16.4;
					};
					778749682E2BC70400A8F70C = {
						CreatedOnToolsVersion = 16.4;
						TestTargetID = 778749592E2BC70200A8F70C;
					};
					778749722E2BC70400A8F70C = {
						CreatedOnToolsVersion = 16.4;
						TestTargetID = 778749592E2BC70200A8F70C;
					};
				};
			};
			buildConfigurationList = 778749512E2BC70200A8F70C /* Build configuration list for PBXProject "BatteryTracker" */;
			developmentRegion = en;
			hasScannedForEncodings = 0;
			knownRegions = (
				en,
				Base,
			);
			mainGroup = 7787494D2E2BC70200A8F70C;
			minimizedProjectReferenceProxies = 1;
			preferredProjectObjectVersion = 77;
			productRefGroup = 778749552E2BC70200A8F70C /* Products */;
			projectDirPath = "";
			projectRoot = "";
			targets = (
				778749532E2BC70200A8F70C /* BatteryTracker */,
				778749592E2BC70200A8F70C /* BatteryTracker Watch App */,
				778749682E2BC70400A8F70C /* BatteryTracker Watch AppTests */,
				778749722E2BC70400A8F70C /* BatteryTracker Watch AppUITests */,
			);
		};
/* End PBXProject section */

/* Begin PBXResourcesBuildPhase section */
		778749522E2BC70200A8F70C /* Resources */ = {
			isa = PBXResourcesBuildPhase;
			buildActionMask = 2147483647;
			files = (
				772294CF2E2D0E120037EEB2 /* ci.yml in Resources */,
				772294E62E2D0E120037EEB2 /* copilot-instructions.md in Resources */,
			);
			runOnlyForDeploymentPostprocessing = 0;
		};
		778749582E2BC70200A8F70C /* Resources */ = {
			isa = PBXResourcesBuildPhase;
			buildActionMask = 2147483647;
			files = (
				775C4CE12E2D01EA00D5507A /* README.md in Resources */,
				775C4CE32E2D02A500D5507A /* .gitignore in Resources */,
			);
			runOnlyForDeploymentPostprocessing = 0;
		};
		778749672E2BC70400A8F70C /* Resources */ = {
			isa = PBXResourcesBuildPhase;
			buildActionMask = 2147483647;
			files = (
			);
			runOnlyForDeploymentPostprocessing = 0;
		};
		778749712E2BC70400A8F70C /* Resources */ = {
			isa = PBXResourcesBuildPhase;
			buildActionMask = 2147483647;
			files = (
			);
			runOnlyForDeploymentPostprocessing = 0;
		};
/* End PBXResourcesBuildPhase section */

/* Begin PBXSourcesBuildPhase section */
		778749562E2BC70200A8F70C /* Sources */ = {
			isa = PBXSourcesBuildPhase;
			buildActionMask = 2147483647;
			files = (
			);
			runOnlyForDeploymentPostprocessing = 0;
		};
		778749652E2BC70400A8F70C /* Sources */ = {
			isa = PBXSourcesBuildPhase;
			buildActionMask = 2147483647;
			files = (
			);
			runOnlyForDeploymentPostprocessing = 0;
		};
		7787496F2E2BC70400A8F70C /* Sources */ = {
			isa = PBXSourcesBuildPhase;
			buildActionMask = 2147483647;
			files = (
			);
			runOnlyForDeploymentPostprocessing = 0;
		};
/* End PBXSourcesBuildPhase section */

/* Begin PBXTargetDependency section */
		7787495D2E2BC70200A8F70C /* PBXTargetDependency */ = {
			isa = PBXTargetDependency;
			target = 778749592E2BC70200A8F70C /* BatteryTracker Watch App */;
			targetProxy = 7787495C2E2BC70200A8F70C /* PBXContainerItemProxy */;
		};
		7787496B2E2BC70400A8F70C /* PBXTargetDependency */ = {
			isa = PBXTargetDependency;
			target = 778749592E2BC70200A8F70C /* BatteryTracker Watch App */;
			targetProxy = 7787496A2E2BC70400A8F70C /* PBXContainerItemProxy */;
		};
		778749752E2BC70400A8F70C /* PBXTargetDependency */ = {
			isa = PBXTargetDependency;
			target = 778749592E2BC70200A8F70C /* BatteryTracker Watch App */;
			targetProxy = 778749742E2BC70400A8F70C /* PBXContainerItemProxy */;
		};
/* End PBXTargetDependency section */

/* Begin XCBuildConfiguration section */
		7787497B2E2BC70400A8F70C /* Debug */ = {
			isa = XCBuildConfiguration;
			buildSettings = {
				ALWAYS_SEARCH_USER_PATHS = NO;
				ASSETCATALOG_COMPILER_GENERATE_SWIFT_ASSET_SYMBOL_EXTENSIONS = YES;
				CLANG_ANALYZER_NONNULL = YES;
				CLANG_ANALYZER_NUMBER_OBJECT_CONVERSION = YES_AGGRESSIVE;
				CLANG_CXX_LANGUAGE_STANDARD = "gnu++20";
				CLANG_ENABLE_MODULES = YES;
				CLANG_ENABLE_OBJC_ARC = YES;
				CLANG_ENABLE_OBJC_WEAK = YES;
				CLANG_WARN_BLOCK_CAPTURE_AUTORELEASING = YES;
				CLANG_WARN_BOOL_CONVERSION = YES;
				CLANG_WARN_COMMA = YES;
				CLANG_WARN_CONSTANT_CONVERSION = YES;
				CLANG_WARN_DEPRECATED_OBJC_IMPLEMENTATIONS = YES;
				CLANG_WARN_DIRECT_OBJC_ISA_USAGE = YES_ERROR;
				CLANG_WARN_DOCUMENTATION_COMMENTS = YES;
				CLANG_WARN_EMPTY_BODY = YES;
				CLANG_WARN_ENUM_CONVERSION = YES;
				CLANG_WARN_INFINITE_RECURSION = YES;
				CLANG_WARN_INT_CONVERSION = YES;
				CLANG_WARN_NON_LITERAL_NULL_CONVERSION = YES;
				CLANG_WARN_OBJC_IMPLICIT_RETAIN_SELF = YES;
				CLANG_WARN_OBJC_LITERAL_CONVERSION = YES;
				CLANG_WARN_OBJC_ROOT_CLASS = YES_ERROR;
				CLANG_WARN_QUOTED_INCLUDE_IN_FRAMEWORK_HEADER = YES;
				CLANG_WARN_RANGE_LOOP_ANALYSIS = YES;
				CLANG_WARN_STRICT_PROTOTYPES = YES;
				CLANG_WARN_SUSPICIOUS_MOVE = YES;
				CLANG_WARN_UNGUARDED_AVAILABILITY = YES_AGGRESSIVE;
				CLANG_WARN_UNREACHABLE_CODE = YES;
				CLANG_WARN__DUPLICATE_METHOD_MATCH = YES;
				COPY_PHASE_STRIP = NO;
				DEBUG_INFORMATION_FORMAT = dwarf;
				DEVELOPMENT_TEAM = Y9DM8L58T3;
				ENABLE_STRICT_OBJC_MSGSEND = YES;
				ENABLE_TESTABILITY = YES;
				ENABLE_USER_SCRIPT_SANDBOXING = YES;
				GCC_C_LANGUAGE_STANDARD = gnu17;
				GCC_DYNAMIC_NO_PIC = NO;
				GCC_NO_COMMON_BLOCKS = YES;
				GCC_OPTIMIZATION_LEVEL = 0;
				GCC_PREPROCESSOR_DEFINITIONS = (
					"DEBUG=1",
					"$(inherited)",
				);
				GCC_WARN_64_TO_32_BIT_CONVERSION = YES;
				GCC_WARN_ABOUT_RETURN_TYPE = YES_ERROR;
				GCC_WARN_UNDECLARED_SELECTOR = YES;
				GCC_WARN_UNINITIALIZED_AUTOS = YES_AGGRESSIVE;
				GCC_WARN_UNUSED_FUNCTION = YES;
				GCC_WARN_UNUSED_VARIABLE = YES;
				LOCALIZATION_PREFERS_STRING_CATALOGS = YES;
				MTL_ENABLE_DEBUG_INFO = INCLUDE_SOURCE;
				MTL_FAST_MATH = YES;
				ONLY_ACTIVE_ARCH = YES;
				SWIFT_ACTIVE_COMPILATION_CONDITIONS = "DEBUG $(inherited)";
				SWIFT_OPTIMIZATION_LEVEL = "-Onone";
			};
			name = Debug;
		};
		7787497C2E2BC70400A8F70C /* Release */ = {
			isa = XCBuildConfiguration;
			buildSettings = {
				ALWAYS_SEARCH_USER_PATHS = NO;
				ASSETCATALOG_COMPILER_GENERATE_SWIFT_ASSET_SYMBOL_EXTENSIONS = YES;
				CLANG_ANALYZER_NONNULL = YES;
				CLANG_ANALYZER_NUMBER_OBJECT_CONVERSION = YES_AGGRESSIVE;
				CLANG_CXX_LANGUAGE_STANDARD = "gnu++20";
				CLANG_ENABLE_MODULES = YES;
				CLANG_ENABLE_OBJC_ARC = YES;
				CLANG_ENABLE_OBJC_WEAK = YES;
				CLANG_WARN_BLOCK_CAPTURE_AUTORELEASING = YES;
				CLANG_WARN_BOOL_CONVERSION = YES;
				CLANG_WARN_COMMA = YES;
				CLANG_WARN_CONSTANT_CONVERSION = YES;
				CLANG_WARN_DEPRECATED_OBJC_IMPLEMENTATIONS = YES;
				CLANG_WARN_DIRECT_OBJC_ISA_USAGE = YES_ERROR;
				CLANG_WARN_DOCUMENTATION_COMMENTS = YES;
				CLANG_WARN_EMPTY_BODY = YES;
				CLANG_WARN_ENUM_CONVERSION = YES;
				CLANG_WARN_INFINITE_RECURSION = YES;
				CLANG_WARN_INT_CONVERSION = YES;
				CLANG_WARN_NON_LITERAL_NULL_CONVERSION = YES;
				CLANG_WARN_OBJC_IMPLICIT_RETAIN_SELF = YES;
				CLANG_WARN_OBJC_LITERAL_CONVERSION = YES;
				CLANG_WARN_OBJC_ROOT_CLASS = YES_ERROR;
				CLANG_WARN_QUOTED_INCLUDE_IN_FRAMEWORK_HEADER = YES;
				CLANG_WARN_RANGE_LOOP_ANALYSIS = YES;
				CLANG_WARN_STRICT_PROTOTYPES = YES;
				CLANG_WARN_SUSPICIOUS_MOVE = YES;
				CLANG_WARN_UNGUARDED_AVAILABILITY = YES_AGGRESSIVE;
				CLANG_WARN_UNREACHABLE_CODE = YES;
				CLANG_WARN__DUPLICATE_METHOD_MATCH = YES;
				COPY_PHASE_STRIP = NO;
				DEBUG_INFORMATION_FORMAT = "dwarf-with-dsym";
				DEVELOPMENT_TEAM = Y9DM8L58T3;
				ENABLE_NS_ASSERTIONS = NO;
				ENABLE_STRICT_OBJC_MSGSEND = YES;
				ENABLE_USER_SCRIPT_SANDBOXING = YES;
				GCC_C_LANGUAGE_STANDARD = gnu17;
				GCC_NO_COMMON_BLOCKS = YES;
				GCC_WARN_64_TO_32_BIT_CONVERSION = YES;
				GCC_WARN_ABOUT_RETURN_TYPE = YES_ERROR;
				GCC_WARN_UNDECLARED_SELECTOR = YES;
				GCC_WARN_UNINITIALIZED_AUTOS = YES_AGGRESSIVE;
				GCC_WARN_UNUSED_FUNCTION = YES;
				GCC_WARN_UNUSED_VARIABLE = YES;
				LOCALIZATION_PREFERS_STRING_CATALOGS = YES;
				MTL_ENABLE_DEBUG_INFO = NO;
				MTL_FAST_MATH = YES;
				SWIFT_COMPILATION_MODE = wholemodule;
			};
			name = Release;
		};
		7787497E2E2BC70400A8F70C /* Debug */ = {
			isa = XCBuildConfiguration;
			buildSettings = {
				ASSETCATALOG_COMPILER_APPICON_NAME = AppIcon;
				ASSETCATALOG_COMPILER_GLOBAL_ACCENT_COLOR_NAME = AccentColor;
				CODE_SIGN_STYLE = Automatic;
				CURRENT_PROJECT_VERSION = 1;
				DEVELOPMENT_TEAM = Y9DM8L58T3;
				ENABLE_PREVIEWS = YES;
				GENERATE_INFOPLIST_FILE = YES;
				INFOPLIST_KEY_CFBundleDisplayName = BatteryTracker;
				INFOPLIST_KEY_UISupportedInterfaceOrientations = "UIInterfaceOrientationPortrait UIInterfaceOrientationPortraitUpsideDown";
				INFOPLIST_KEY_WKWatchOnly = YES;
				LD_RUNPATH_SEARCH_PATHS = (
					"$(inherited)",
					"@executable_path/Frameworks",
				);
				MARKETING_VERSION = 1.0;
				PRODUCT_BUNDLE_IDENTIFIER = com.scrumcenter.BatteryTracker.watchkitapp;
				PRODUCT_NAME = "$(TARGET_NAME)";
				SDKROOT = watchos;
				SKIP_INSTALL = YES;
				SWIFT_EMIT_LOC_STRINGS = YES;
				SWIFT_VERSION = 5.0;
				TARGETED_DEVICE_FAMILY = 4;
				WATCHOS_DEPLOYMENT_TARGET = 11.5;
			};
			name = Debug;
		};
		7787497F2E2BC70400A8F70C /* Release */ = {
			isa = XCBuildConfiguration;
			buildSettings = {
				ASSETCATALOG_COMPILER_APPICON_NAME = AppIcon;
				ASSETCATALOG_COMPILER_GLOBAL_ACCENT_COLOR_NAME = AccentColor;
				CODE_SIGN_STYLE = Automatic;
				CURRENT_PROJECT_VERSION = 1;
				DEVELOPMENT_TEAM = Y9DM8L58T3;
				ENABLE_PREVIEWS = YES;
				GENERATE_INFOPLIST_FILE = YES;
				INFOPLIST_KEY_CFBundleDisplayName = BatteryTracker;
				INFOPLIST_KEY_UISupportedInterfaceOrientations = "UIInterfaceOrientationPortrait UIInterfaceOrientationPortraitUpsideDown";
				INFOPLIST_KEY_WKWatchOnly = YES;
				LD_RUNPATH_SEARCH_PATHS = (
					"$(inherited)",
					"@executable_path/Frameworks",
				);
				MARKETING_VERSION = 1.0;
				PRODUCT_BUNDLE_IDENTIFIER = com.scrumcenter.BatteryTracker.watchkitapp;
				PRODUCT_NAME = "$(TARGET_NAME)";
				SDKROOT = watchos;
				SKIP_INSTALL = YES;
				SWIFT_EMIT_LOC_STRINGS = YES;
				SWIFT_VERSION = 5.0;
				TARGETED_DEVICE_FAMILY = 4;
				VALIDATE_PRODUCT = YES;
				WATCHOS_DEPLOYMENT_TARGET = 11.5;
			};
			name = Release;
		};
		778749822E2BC70400A8F70C /* Debug */ = {
			isa = XCBuildConfiguration;
			buildSettings = {
				CODE_SIGN_STYLE = Automatic;
				CURRENT_PROJECT_VERSION = 1;
				DEVELOPMENT_TEAM = Y9DM8L58T3;
				INFOPLIST_KEY_CFBundleDisplayName = BatteryTracker;
				MARKETING_VERSION = 1.0;
				PRODUCT_BUNDLE_IDENTIFIER = com.scrumcenter.BatteryTracker;
				PRODUCT_NAME = "$(TARGET_NAME)";
				SDKROOT = iphoneos;
				SWIFT_VERSION = 5.0;
			};
			name = Debug;
		};
		778749832E2BC70400A8F70C /* Release */ = {
			isa = XCBuildConfiguration;
			buildSettings = {
				CODE_SIGN_STYLE = Automatic;
				CURRENT_PROJECT_VERSION = 1;
				DEVELOPMENT_TEAM = Y9DM8L58T3;
				INFOPLIST_KEY_CFBundleDisplayName = BatteryTracker;
				MARKETING_VERSION = 1.0;
				PRODUCT_BUNDLE_IDENTIFIER = com.scrumcenter.BatteryTracker;
				PRODUCT_NAME = "$(TARGET_NAME)";
				SDKROOT = iphoneos;
				SWIFT_VERSION = 5.0;
				VALIDATE_PRODUCT = YES;
			};
			name = Release;
		};
		778749852E2BC70400A8F70C /* Debug */ = {
			isa = XCBuildConfiguration;
			buildSettings = {
				BUNDLE_LOADER = "$(TEST_HOST)";
				CODE_SIGN_STYLE = Automatic;
				CURRENT_PROJECT_VERSION = 1;
				DEVELOPMENT_TEAM = Y9DM8L58T3;
				GENERATE_INFOPLIST_FILE = YES;
				MARKETING_VERSION = 1.0;
				PRODUCT_BUNDLE_IDENTIFIER = "com.scrumcenter.BatteryTracker-Watch-AppTests";
				PRODUCT_NAME = "$(TARGET_NAME)";
				SDKROOT = watchos;
				SWIFT_EMIT_LOC_STRINGS = NO;
				SWIFT_VERSION = 5.0;
				TARGETED_DEVICE_FAMILY = 4;
				TEST_HOST = "$(BUILT_PRODUCTS_DIR)/BatteryTracker Watch App.app/$(BUNDLE_EXECUTABLE_FOLDER_PATH)/BatteryTracker Watch App";
				WATCHOS_DEPLOYMENT_TARGET = 11.5;
			};
			name = Debug;
		};
		778749862E2BC70400A8F70C /* Release */ = {
			isa = XCBuildConfiguration;
			buildSettings = {
				BUNDLE_LOADER = "$(TEST_HOST)";
				CODE_SIGN_STYLE = Automatic;
				CURRENT_PROJECT_VERSION = 1;
				DEVELOPMENT_TEAM = Y9DM8L58T3;
				GENERATE_INFOPLIST_FILE = YES;
				MARKETING_VERSION = 1.0;
				PRODUCT_BUNDLE_IDENTIFIER = "com.scrumcenter.BatteryTracker-Watch-AppTests";
				PRODUCT_NAME = "$(TARGET_NAME)";
				SDKROOT = watchos;
				SWIFT_EMIT_LOC_STRINGS = NO;
				SWIFT_VERSION = 5.0;
				TARGETED_DEVICE_FAMILY = 4;
				TEST_HOST = "$(BUILT_PRODUCTS_DIR)/BatteryTracker Watch App.app/$(BUNDLE_EXECUTABLE_FOLDER_PATH)/BatteryTracker Watch App";
				VALIDATE_PRODUCT = YES;
				WATCHOS_DEPLOYMENT_TARGET = 11.5;
			};
			name = Release;
		};
		778749882E2BC70400A8F70C /* Debug */ = {
			isa = XCBuildConfiguration;
			buildSettings = {
				CODE_SIGN_STYLE = Automatic;
				CURRENT_PROJECT_VERSION = 1;
				DEVELOPMENT_TEAM = Y9DM8L58T3;
				GENERATE_INFOPLIST_FILE = YES;
				MARKETING_VERSION = 1.0;
				PRODUCT_BUNDLE_IDENTIFIER = "com.scrumcenter.BatteryTracker-Watch-AppUITests";
				PRODUCT_NAME = "$(TARGET_NAME)";
				SDKROOT = watchos;
				SWIFT_EMIT_LOC_STRINGS = NO;
				SWIFT_VERSION = 5.0;
				TARGETED_DEVICE_FAMILY = 4;
				TEST_TARGET_NAME = "BatteryTracker Watch App";
				WATCHOS_DEPLOYMENT_TARGET = 11.5;
			};
			name = Debug;
		};
		778749892E2BC70400A8F70C /* Release */ = {
			isa = XCBuildConfiguration;
			buildSettings = {
				CODE_SIGN_STYLE = Automatic;
				CURRENT_PROJECT_VERSION = 1;
				DEVELOPMENT_TEAM = Y9DM8L58T3;
				GENERATE_INFOPLIST_FILE = YES;
				MARKETING_VERSION = 1.0;
				PRODUCT_BUNDLE_IDENTIFIER = "com.scrumcenter.BatteryTracker-Watch-AppUITests";
				PRODUCT_NAME = "$(TARGET_NAME)";
				SDKROOT = watchos;
				SWIFT_EMIT_LOC_STRINGS = NO;
				SWIFT_VERSION = 5.0;
				TARGETED_DEVICE_FAMILY = 4;
				TEST_TARGET_NAME = "BatteryTracker Watch App";
				VALIDATE_PRODUCT = YES;
				WATCHOS_DEPLOYMENT_TARGET = 11.5;
			};
			name = Release;
		};
/* End XCBuildConfiguration section */

/* Begin XCConfigurationList section */
		778749512E2BC70200A8F70C /* Build configuration list for PBXProject "BatteryTracker" */ = {
			isa = XCConfigurationList;
			buildConfigurations = (
				7787497B2E2BC70400A8F70C /* Debug */,
				7787497C2E2BC70400A8F70C /* Release */,
			);
			defaultConfigurationIsVisible = 0;
			defaultConfigurationName = Release;
		};
		7787497D2E2BC70400A8F70C /* Build configuration list for PBXNativeTarget "BatteryTracker Watch App" */ = {
			isa = XCConfigurationList;
			buildConfigurations = (
				7787497E2E2BC70400A8F70C /* Debug */,
				7787497F2E2BC70400A8F70C /* Release */,
			);
			defaultConfigurationIsVisible = 0;
			defaultConfigurationName = Release;
		};
		778749812E2BC70400A8F70C /* Build configuration list for PBXNativeTarget "BatteryTracker" */ = {
			isa = XCConfigurationList;
			buildConfigurations = (
				778749822E2BC70400A8F70C /* Debug */,
				778749832E2BC70400A8F70C /* Release */,
			);
			defaultConfigurationIsVisible = 0;
			defaultConfigurationName = Release;
		};
		778749842E2BC70400A8F70C /* Build configuration list for PBXNativeTarget "BatteryTracker Watch AppTests" */ = {
			isa = XCConfigurationList;
			buildConfigurations = (
				778749852E2BC70400A8F70C /* Debug */,
				778749862E2BC70400A8F70C /* Release */,
			);
			defaultConfigurationIsVisible = 0;
			defaultConfigurationName = Release;
		};
		778749872E2BC70400A8F70C /* Build configuration list for PBXNativeTarget "BatteryTracker Watch AppUITests" */ = {
			isa = XCConfigurationList;
			buildConfigurations = (
				778749882E2BC70400A8F70C /* Debug */,
				778749892E2BC70400A8F70C /* Release */,
			);
			defaultConfigurationIsVisible = 0;
			defaultConfigurationName = Release;
		};
/* End XCConfigurationList section */
	};
	rootObject = 7787494E2E2BC70200A8F70C /* Project object */;
}
